
Microsoft Visual Studio Solution File, Format Version 11.00
# Visual Studio 2010
Project("{8BC9CEB8-8B4A-11D0-8D11-00A0C91BC942}") = "ixaya-swf", "ixaya-swf\ixaya-swf.vcxproj", "{55231CAB-015D-47F4-A320-04468AD58401}"
EndProject
Project("{8BC9CEB8-8B4A-11D0-8D11-00A0C91BC942}") = "ixaya-swf-demo-read", "ixaya-swf-demo-read\ixaya-swf-demo-read.vcxproj", "{ADA0B360-A9F2-4C2E-969A-35BF739F2C33}"
EndProject
Project("{8BC9CEB8-8B4A-11D0-8D11-00A0C91BC942}") = "ixaya-swf-test-mem", "ixaya-swf-test-mem\ixaya-swf-test-mem.vcxproj", "{A58BAD37-9595-4F8B-8996-748D767F0C1E}"
EndProject
Global
	GlobalSection(SolutionConfigurationPlatforms) = preSolution
		Debug|Win32 = Debug|Win32
		Release|Win32 = Release|Win32
	EndGlobalSection
	GlobalSection(ProjectConfigurationPlatforms) = postSolution
		{55231CAB-015D-47F4-A320-04468AD58401}.Debug|Win32.ActiveCfg = Debug|Win32
		{55231CAB-015D-47F4-A320-04468AD58401}.Debug|Win32.Build.0 = Debug|Win32
		{55231CAB-015D-47F4-A320-04468AD58401}.Release|Win32.ActiveCfg = Release|Win32
		{55231CAB-015D-47F4-A320-04468AD58401}.Release|Win32.Build.0 = Release|Win32
		{ADA0B360-A9F2-4C2E-969A-35BF739F2C33}.Debug|Win32.ActiveCfg = Debug|Win32
		{ADA0B360-A9F2-4C2E-969A-35BF739F2C33}.Debug|Win32.Build.0 = Debug|Win32
		{ADA0B360-A9F2-4C2E-969A-35BF739F2C33}.Release|Win32.ActiveCfg = Release|Win32
		{ADA0B360-A9F2-4C2E-969A-35BF739F2C33}.Release|Win32.Build.0 = Release|Win32
		{A58BAD37-9595-4F8B-8996-748D767F0C1E}.Debug|Win32.ActiveCfg = Debug|Win32
		{A58BAD37-9595-4F8B-8996-748D767F0C1E}.Debug|Win32.Build.0 = Debug|Win32
		{A58BAD37-9595-4F8B-8996-748D767F0C1E}.Release|Win32.ActiveCfg = Release|Win32
		{A58BAD37-9595-4F8B-8996-748D767F0C1E}.Release|Win32.Build.0 = Release|Win32
	EndGlobalSection
	GlobalSection(SolutionProperties) = preSolution
		HideSolutionNode = FALSE
	EndGlobalSection
EndGlobal
